
Microsoft Visual Studio Solution File, Format Version 12.00
Project("{FAE04EC0-301F-11D3-BF4B-00C04F79EFBC}") = "CookingBot", "CookingBot\CookingBot.csproj", "{5FA4BA4F-A95C-400A-8F04-5D261B96A58B}"
EndProject
Project("{FAE04EC0-301F-11D3-BF4B-00C04F79EFBC}") = "EasyOAuth2.0", "..\..\RiderProjects\EasyOAuth2.0\EasyOAuth2.0\EasyOAuth2.0.csproj", "{8E3B4031-01BA-4631-AC27-2423ADFF96E7}"
EndProject
Project("{FAE04EC0-301F-11D3-BF4B-00C04F79EFBC}") = "CookingBot.Tests", "CookingBot.Tests\CookingBot.Tests.csproj", "{7C73F7A1-4C46-43BD-B26E-9DF2FF37717C}"
EndProject
Project("{2150E333-8FDC-42A3-9474-1A3956D46DE8}") = "Solution Items", "Solution Items", "{5ABC3E20-70C6-400A-9925-D16B91AC0BDB}"
	ProjectSection(SolutionItems) = preProject
		compose.yaml = compose.yaml
		Dockerfile = Dockerfile
		.dockerignore = .dockerignore
	EndProjectSection
EndProject
Project("{2150E333-8FDC-42A3-9474-1A3956D46DE8}") = "BotOrchestriX", "BotOrchestriX", "{B9B8EB60-023A-483E-A8BB-7AF33F417C8E}"
EndProject
Project("{FAE04EC0-301F-11D3-BF4B-00C04F79EFBC}") = "BotOrchestriX", "..\BotOrchestriX\BotOrchestriX\BotOrchestriX.csproj", "{CFB82A2B-37D6-4454-9B9D-772565092007}"
EndProject
Global
	GlobalSection(SolutionConfigurationPlatforms) = preSolution
		Debug|Any CPU = Debug|Any CPU
		Release|Any CPU = Release|Any CPU
	EndGlobalSection
	GlobalSection(ProjectConfigurationPlatforms) = postSolution
		{5FA4BA4F-A95C-400A-8F04-5D261B96A58B}.Debug|Any CPU.ActiveCfg = Debug|Any CPU
		{5FA4BA4F-A95C-400A-8F04-5D261B96A58B}.Debug|Any CPU.Build.0 = Debug|Any CPU
		{5FA4BA4F-A95C-400A-8F04-5D261B96A58B}.Release|Any CPU.ActiveCfg = Release|Any CPU
		{5FA4BA4F-A95C-400A-8F04-5D261B96A58B}.Release|Any CPU.Build.0 = Release|Any CPU
		{8E3B4031-01BA-4631-AC27-2423ADFF96E7}.Debug|Any CPU.ActiveCfg = Debug|Any CPU
		{8E3B4031-01BA-4631-AC27-2423ADFF96E7}.Debug|Any CPU.Build.0 = Debug|Any CPU
		{8E3B4031-01BA-4631-AC27-2423ADFF96E7}.Release|Any CPU.ActiveCfg = Release|Any CPU
		{8E3B4031-01BA-4631-AC27-2423ADFF96E7}.Release|Any CPU.Build.0 = Release|Any CPU
		{7C73F7A1-4C46-43BD-B26E-9DF2FF37717C}.Debug|Any CPU.ActiveCfg = Debug|Any CPU
		{7C73F7A1-4C46-43BD-B26E-9DF2FF37717C}.Debug|Any CPU.Build.0 = Debug|Any CPU
		{7C73F7A1-4C46-43BD-B26E-9DF2FF37717C}.Release|Any CPU.ActiveCfg = Release|Any CPU
		{7C73F7A1-4C46-43BD-B26E-9DF2FF37717C}.Release|Any CPU.Build.0 = Release|Any CPU
		{CFB82A2B-37D6-4454-9B9D-772565092007}.Debug|Any CPU.ActiveCfg = Debug|Any CPU
		{CFB82A2B-37D6-4454-9B9D-772565092007}.Debug|Any CPU.Build.0 = Debug|Any CPU
		{CFB82A2B-37D6-4454-9B9D-772565092007}.Release|Any CPU.ActiveCfg = Release|Any CPU
		{CFB82A2B-37D6-4454-9B9D-772565092007}.Release|Any CPU.Build.0 = Release|Any CPU
	EndGlobalSection
	GlobalSection(NestedProjects) = preSolution
		{CFB82A2B-37D6-4454-9B9D-772565092007} = {B9B8EB60-023A-483E-A8BB-7AF33F417C8E}
	EndGlobalSection
EndGlobal
